// !$*UTF8*$!
{
	archiveVersion = 1;
	classes = {
	};
	objectVersion = 50;
	objects = {

/* Begin PBXBuildFile section */
		A814C2EA20A31CCB00382AF3 /* AppDelegate.swift in Sources */ = {isa = PBXBuildFile; fileRef = A814C2E920A31CCB00382AF3 /* AppDelegate.swift */; };
		A814C2EF20A31CCB00382AF3 /* Main.storyboard in Resources */ = {isa = PBXBuildFile; fileRef = A814C2ED20A31CCB00382AF3 /* Main.storyboard */; };
		A814C2F120A31CCC00382AF3 /* Assets.xcassets in Resources */ = {isa = PBXBuildFile; fileRef = A814C2F020A31CCC00382AF3 /* Assets.xcassets */; };
		A814C2F420A31CCC00382AF3 /* LaunchScreen.storyboard in Resources */ = {isa = PBXBuildFile; fileRef = A814C2F220A31CCC00382AF3 /* LaunchScreen.storyboard */; };
		A814C2FF20A31E0B00382AF3 /* WeatherViewController.swift in Sources */ = {isa = PBXBuildFile; fileRef = A814C2FE20A31E0B00382AF3 /* WeatherViewController.swift */; };
		A814C30120A31E5E00382AF3 /* ChangeCtityViewController.swift in Sources */ = {isa = PBXBuildFile; fileRef = A814C30020A31E5E00382AF3 /* ChangeCtityViewController.swift */; };
		A824E5C220A49BF700BD9381 /* WeatherModelObject.swift in Sources */ = {isa = PBXBuildFile; fileRef = A824E5C120A49BF700BD9381 /* WeatherModelObject.swift */; };
		E53A2231492CE1D2AE709C5A /* Pods_Clima.framework in Frameworks */ = {isa = PBXBuildFile; fileRef = 25BE1606A86A96FF305393B1 /* Pods_Clima.framework */; };
/* End PBXBuildFile section */

/* Begin PBXFileReference section */
		25BE1606A86A96FF305393B1 /* Pods_Clima.framework */ = {isa = PBXFileReference; explicitFileType = wrapper.framework; includeInIndex = 0; path = Pods_Clima.framework; sourceTree = BUILT_PRODUCTS_DIR; };
		A814C2E620A31CCB00382AF3 /* Clima.app */ = {isa = PBXFileReference; explicitFileType = wrapper.application; includeInIndex = 0; path = Clima.app; sourceTree = BUILT_PRODUCTS_DIR; };
		A814C2E920A31CCB00382AF3 /* AppDelegate.swift */ = {isa = PBXFileReference; lastKnownFileType = sourcecode.swift; path = AppDelegate.swift; sourceTree = "<group>"; };
		A814C2EE20A31CCB00382AF3 /* Base */ = {isa = PBXFileReference; lastKnownFileType = file.storyboard; name = Base; path = Base.lproj/Main.storyboard; sourceTree = "<group>"; };
		A814C2F020A31CCC00382AF3 /* Assets.xcassets */ = {isa = PBXFileReference; lastKnownFileType = folder.assetcatalog; path = Assets.xcassets; sourceTree = "<group>"; };
		A814C2F320A31CCC00382AF3 /* Base */ = {isa = PBXFileReference; lastKnownFileType = file.storyboard; name = Base; path = Base.lproj/LaunchScreen.storyboard; sourceTree = "<group>"; };
		A814C2F520A31CCC00382AF3 /* Info.plist */ = {isa = PBXFileReference; lastKnownFileType = text.plist.xml; path = Info.plist; sourceTree = "<group>"; };
		A814C2FE20A31E0B00382AF3 /* WeatherViewController.swift */ = {isa = PBXFileReference; lastKnownFileType = sourcecode.swift; path = WeatherViewController.swift; sourceTree = "<group>"; };
		A814C30020A31E5E00382AF3 /* ChangeCtityViewController.swift */ = {isa = PBXFileReference; lastKnownFileType = sourcecode.swift; path = ChangeCtityViewController.swift; sourceTree = "<group>"; };
		A824E5C120A49BF700BD9381 /* WeatherModelObject.swift */ = {isa = PBXFileReference; lastKnownFileType = sourcecode.swift; path = WeatherModelObject.swift; sourceTree = "<group>"; };
		EFE308FB3F074854E487B31B /* Pods-Clima.release.xcconfig */ = {isa = PBXFileReference; includeInIndex = 1; lastKnownFileType = text.xcconfig; name = "Pods-Clima.release.xcconfig"; path = "Pods/Target Support Files/Pods-Clima/Pods-Clima.release.xcconfig"; sourceTree = "<group>"; };
		FDBC01878A3822646C0D8601 /* Pods-Clima.debug.xcconfig */ = {isa = PBXFileReference; includeInIndex = 1; lastKnownFileType = text.xcconfig; name = "Pods-Clima.debug.xcconfig"; path = "Pods/Target Support Files/Pods-Clima/Pods-Clima.debug.xcconfig"; sourceTree = "<group>"; };
/* End PBXFileReference section */

/* Begin PBXFrameworksBuildPhase section */
		A814C2E320A31CCB00382AF3 /* Frameworks */ = {
			isa = PBXFrameworksBuildPhase;
			buildActionMask = 2147483647;
			files = (
				E53A2231492CE1D2AE709C5A /* Pods_Clima.framework in Frameworks */,
			);
			runOnlyForDeploymentPostprocessing = 0;
		};
/* End PBXFrameworksBuildPhase section */

/* Begin PBXGroup section */
		5B3393648534DB4D9BC6900F /* Frameworks */ = {
			isa = PBXGroup;
			children = (
				25BE1606A86A96FF305393B1 /* Pods_Clima.framework */,
			);
			name = Frameworks;
			sourceTree = "<group>";
		};
		912B205E9C0B8F4789797EAC /* Pods */ = {
			isa = PBXGroup;
			children = (
				FDBC01878A3822646C0D8601 /* Pods-Clima.debug.xcconfig */,
				EFE308FB3F074854E487B31B /* Pods-Clima.release.xcconfig */,
			);
			name = Pods;
			sourceTree = "<group>";
		};
		A814C2DD20A31CCB00382AF3 = {
			isa = PBXGroup;
			children = (
				A814C2E820A31CCB00382AF3 /* Clima */,
				A814C2E720A31CCB00382AF3 /* Products */,
				912B205E9C0B8F4789797EAC /* Pods */,
				5B3393648534DB4D9BC6900F /* Frameworks */,
			);
			sourceTree = "<group>";
		};
		A814C2E720A31CCB00382AF3 /* Products */ = {
			isa = PBXGroup;
			children = (
				A814C2E620A31CCB00382AF3 /* Clima.app */,
			);
			name = Products;
			sourceTree = "<group>";
		};
		A814C2E820A31CCB00382AF3 /* Clima */ = {
			isa = PBXGroup;
			children = (
				A814C2FD20A31D5B00382AF3 /* Views */,
				A814C2FC20A31D5600382AF3 /* Controllers */,
				A814C2FB20A31D4E00382AF3 /* Models */,
				A814C2F020A31CCC00382AF3 /* Assets.xcassets */,
				A814C2F220A31CCC00382AF3 /* LaunchScreen.storyboard */,
				A814C2F520A31CCC00382AF3 /* Info.plist */,
			);
			path = Clima;
			sourceTree = "<group>";
		};
		A814C2FB20A31D4E00382AF3 /* Models */ = {
			isa = PBXGroup;
			children = (
				A824E5C120A49BF700BD9381 /* WeatherModelObject.swift */,
			);
			path = Models;
			sourceTree = "<group>";
		};
		A814C2FC20A31D5600382AF3 /* Controllers */ = {
			isa = PBXGroup;
			children = (
				A814C2E920A31CCB00382AF3 /* AppDelegate.swift */,
				A814C2FE20A31E0B00382AF3 /* WeatherViewController.swift */,
				A814C30020A31E5E00382AF3 /* ChangeCtityViewController.swift */,
			);
			path = Controllers;
			sourceTree = "<group>";
		};
		A814C2FD20A31D5B00382AF3 /* Views */ = {
			isa = PBXGroup;
			children = (
				A814C2ED20A31CCB00382AF3 /* Main.storyboard */,
			);
			path = Views;
			sourceTree = "<group>";
		};
/* End PBXGroup section */

/* Begin PBXNativeTarget section */
		A814C2E520A31CCB00382AF3 /* Clima */ = {
			isa = PBXNativeTarget;
			buildConfigurationList = A814C2F820A31CCC00382AF3 /* Build configuration list for PBXNativeTarget "Clima" */;
			buildPhases = (
				F71863A56DB144126AC8F188 /* [CP] Check Pods Manifest.lock */,
				A814C2E220A31CCB00382AF3 /* Sources */,
				A814C2E320A31CCB00382AF3 /* Frameworks */,
				A814C2E420A31CCB00382AF3 /* Resources */,
				D22916B57EB07D4CDB242C82 /* [CP] Embed Pods Frameworks */,
			);
			buildRules = (
			);
			dependencies = (
			);
			name = Clima;
			productName = Clima;
			productReference = A814C2E620A31CCB00382AF3 /* Clima.app */;
			productType = "com.apple.product-type.application";
		};
/* End PBXNativeTarget section */

/* Begin PBXProject section */
		A814C2DE20A31CCB00382AF3 /* Project object */ = {
			isa = PBXProject;
			attributes = {
				LastSwiftUpdateCheck = 0930;
				LastUpgradeCheck = 0930;
				ORGANIZATIONNAME = "Tran Thanh Bang";
				TargetAttributes = {
					A814C2E520A31CCB00382AF3 = {
						CreatedOnToolsVersion = 9.3;
					};
				};
			};
			buildConfigurationList = A814C2E120A31CCB00382AF3 /* Build configuration list for PBXProject "Clima" */;
			compatibilityVersion = "Xcode 9.3";
			developmentRegion = en;
			hasScannedForEncodings = 0;
			knownRegions = (
				en,
				Base,
			);
			mainGroup = A814C2DD20A31CCB00382AF3;
			productRefGroup = A814C2E720A31CCB00382AF3 /* Products */;
			projectDirPath = "";
			projectRoot = "";
			targets = (
				A814C2E520A31CCB00382AF3 /* Clima */,
			);
		};
/* End PBXProject section */

/* Begin PBXResourcesBuildPhase section */
		A814C2E420A31CCB00382AF3 /* Resources */ = {
			isa = PBXResourcesBuildPhase;
			buildActionMask = 2147483647;
			files = (
				A814C2F420A31CCC00382AF3 /* LaunchScreen.storyboard in Resources */,
				A814C2F120A31CCC00382AF3 /* Assets.xcassets in Resources */,
				A814C2EF20A31CCB00382AF3 /* Main.storyboard in Resources */,
			);
			runOnlyForDeploymentPostprocessing = 0;
		};
/* End PBXResourcesBuildPhase section */

/* Begin PBXShellScriptBuildPhase section */
		D22916B57EB07D4CDB242C82 /* [CP] Embed Pods Frameworks */ = {
			isa = PBXShellScriptBuildPhase;
			buildActionMask = 2147483647;
			files = (
			);
			inputPaths = (
				"${SRCROOT}/Pods/Target Support Files/Pods-Clima/Pods-Clima-frameworks.sh",
				"${BUILT_PRODUCTS_DIR}/Alamofire/Alamofire.framework",
				"${BUILT_PRODUCTS_DIR}/SVProgressHUD/SVProgressHUD.framework",
				"${BUILT_PRODUCTS_DIR}/SwiftyJSON/SwiftyJSON.framework",
			);
			name = "[CP] Embed Pods Frameworks";
			outputPaths = (
				"${TARGET_BUILD_DIR}/${FRAMEWORKS_FOLDER_PATH}/Alamofire.framework",
				"${TARGET_BUILD_DIR}/${FRAMEWORKS_FOLDER_PATH}/SVProgressHUD.framework",
				"${TARGET_BUILD_DIR}/${FRAMEWORKS_FOLDER_PATH}/SwiftyJSON.framework",
			);
			runOnlyForDeploymentPostprocessing = 0;
			shellPath = /bin/sh;
			shellScript = "\"${SRCROOT}/Pods/Target Support Files/Pods-Clima/Pods-Clima-frameworks.sh\"\n";
			showEnvVarsInLog = 0;
		};
		F71863A56DB144126AC8F188 /* [CP] Check Pods Manifest.lock */ = {
			isa = PBXShellScriptBuildPhase;
			buildActionMask = 2147483647;
			files = (
			);
			inputPaths = (
				"${PODS_PODFILE_DIR_PATH}/Podfile.lock",
				"${PODS_ROOT}/Manifest.lock",
			);
			name = "[CP] Check Pods Manifest.lock";
			outputPaths = (
				"$(DERIVED_FILE_DIR)/Pods-Clima-checkManifestLockResult.txt",
			);
			runOnlyForDeploymentPostprocessing = 0;
			shellPath = /bin/sh;
			shellScript = "diff \"${PODS_PODFILE_DIR_PATH}/Podfile.lock\" \"${PODS_ROOT}/Manifest.lock\" > /dev/null\nif [ $? != 0 ] ; then\n    # print error to STDERR\n    echo \"error: The sandbox is not in sync with the Podfile.lock. Run 'pod install' or update your CocoaPods installation.\" >&2\n    exit 1\nfi\n# This output is used by Xcode 'outputs' to avoid re-running this script phase.\necho \"SUCCESS\" > \"${SCRIPT_OUTPUT_FILE_0}\"\n";
			showEnvVarsInLog = 0;
		};
/* End PBXShellScriptBuildPhase section */

/* Begin PBXSourcesBuildPhase section */
		A814C2E220A31CCB00382AF3 /* Sources */ = {
			isa = PBXSourcesBuildPhase;
			buildActionMask = 2147483647;
			files = (
				A814C2EA20A31CCB00382AF3 /* AppDelegate.swift in Sources */,
				A814C30120A31E5E00382AF3 /* ChangeCtityViewController.swift in Sources */,
				A814C2FF20A31E0B00382AF3 /* WeatherViewController.swift in Sources */,
				A824E5C220A49BF700BD9381 /* WeatherModelObject.swift in Sources */,
			);
			runOnlyForDeploymentPostprocessing = 0;
		};
/* End PBXSourcesBuildPhase section */

/* Begin PBXVariantGroup section */
		A814C2ED20A31CCB00382AF3 /* Main.storyboard */ = {
			isa = PBXVariantGroup;
			children = (
				A814C2EE20A31CCB00382AF3 /* Base */,
			);
			name = Main.storyboard;
			sourceTree = "<group>";
		};
		A814C2F220A31CCC00382AF3 /* LaunchScreen.storyboard */ = {
			isa = PBXVariantGroup;
			children = (
				A814C2F320A31CCC00382AF3 /* Base */,
			);
			name = LaunchScreen.storyboard;
			sourceTree = "<group>";
		};
/* End PBXVariantGroup section */

/* Begin XCBuildConfiguration section */
		A814C2F620A31CCC00382AF3 /* Debug */ = {
			isa = XCBuildConfiguration;
			buildSettings = {
				ALWAYS_SEARCH_USER_PATHS = NO;
				CLANG_ANALYZER_NONNULL = YES;
				CLANG_ANALYZER_NUMBER_OBJECT_CONVERSION = YES_AGGRESSIVE;
				CLANG_CXX_LANGUAGE_STANDARD = "gnu++14";
				CLANG_CXX_LIBRARY = "libc++";
				CLANG_ENABLE_MODULES = YES;
				CLANG_ENABLE_OBJC_ARC = YES;
				CLANG_ENABLE_OBJC_WEAK = YES;
				CLANG_WARN_BLOCK_CAPTURE_AUTORELEASING = YES;
				CLANG_WARN_BOOL_CONVERSION = YES;
				CLANG_WARN_COMMA = YES;
				CLANG_WARN_CONSTANT_CONVERSION = YES;
				CLANG_WARN_DEPRECATED_OBJC_IMPLEMENTATIONS = YES;
				CLANG_WARN_DIRECT_OBJC_ISA_USAGE = YES_ERROR;
				CLANG_WARN_DOCUMENTATION_COMMENTS = YES;
				CLANG_WARN_EMPTY_BODY = YES;
				CLANG_WARN_ENUM_CONVERSION = YES;
				CLANG_WARN_INFINITE_RECURSION = YES;
				CLANG_WARN_INT_CONVERSION = YES;
				CLANG_WARN_NON_LITERAL_NULL_CONVERSION = YES;
				CLANG_WARN_OBJC_IMPLICIT_RETAIN_SELF = YES;
				CLANG_WARN_OBJC_LITERAL_CONVERSION = YES;
				CLANG_WARN_OBJC_ROOT_CLASS = YES_ERROR;
				CLANG_WARN_RANGE_LOOP_ANALYSIS = YES;
				CLANG_WARN_STRICT_PROTOTYPES = YES;
				CLANG_WARN_SUSPICIOUS_MOVE = YES;
				CLANG_WARN_UNGUARDED_AVAILABILITY = YES_AGGRESSIVE;
				CLANG_WARN_UNREACHABLE_CODE = YES;
				CLANG_WARN__DUPLICATE_METHOD_MATCH = YES;
				CODE_SIGN_IDENTITY = "iPhone Developer";
				COPY_PHASE_STRIP = NO;
				DEBUG_INFORMATION_FORMAT = dwarf;
				ENABLE_STRICT_OBJC_MSGSEND = YES;
				ENABLE_TESTABILITY = YES;
				GCC_C_LANGUAGE_STANDARD = gnu11;
				GCC_DYNAMIC_NO_PIC = NO;
				GCC_NO_COMMON_BLOCKS = YES;
				GCC_OPTIMIZATION_LEVEL = 0;
				GCC_PREPROCESSOR_DEFINITIONS = (
					"DEBUG=1",
					"$(inherited)",
				);
				GCC_WARN_64_TO_32_BIT_CONVERSION = YES;
				GCC_WARN_ABOUT_RETURN_TYPE = YES_ERROR;
				GCC_WARN_UNDECLARED_SELECTOR = YES;
				GCC_WARN_UNINITIALIZED_AUTOS = YES_AGGRESSIVE;
				GCC_WARN_UNUSED_FUNCTION = YES;
				GCC_WARN_UNUSED_VARIABLE = YES;
				IPHONEOS_DEPLOYMENT_TARGET = 11.3;
				MTL_ENABLE_DEBUG_INFO = YES;
				ONLY_ACTIVE_ARCH = YES;
				SDKROOT = iphoneos;
				SWIFT_ACTIVE_COMPILATION_CONDITIONS = DEBUG;
				SWIFT_OPTIMIZATION_LEVEL = "-Onone";
			};
			name = Debug;
		};
		A814C2F720A31CCC00382AF3 /* Release */ = {
			isa = XCBuildConfiguration;
			buildSettings = {
				ALWAYS_SEARCH_USER_PATHS = NO;
				CLANG_ANALYZER_NONNULL = YES;
				CLANG_ANALYZER_NUMBER_OBJECT_CONVERSION = YES_AGGRESSIVE;
				CLANG_CXX_LANGUAGE_STANDARD = "gnu++14";
				CLANG_CXX_LIBRARY = "libc++";
				CLANG_ENABLE_MODULES = YES;
				CLANG_ENABLE_OBJC_ARC = YES;
				CLANG_ENABLE_OBJC_WEAK = YES;
				CLANG_WARN_BLOCK_CAPTURE_AUTORELEASING = YES;
				CLANG_WARN_BOOL_CONVERSION = YES;
				CLANG_WARN_COMMA = YES;
				CLANG_WARN_CONSTANT_CONVERSION = YES;
				CLANG_WARN_DEPRECATED_OBJC_IMPLEMENTATIONS = YES;
				CLANG_WARN_DIRECT_OBJC_ISA_USAGE = YES_ERROR;
				CLANG_WARN_DOCUMENTATION_COMMENTS = YES;
				CLANG_WARN_EMPTY_BODY = YES;
				CLANG_WARN_ENUM_CONVERSION = YES;
				CLANG_WARN_INFINITE_RECURSION = YES;
				CLANG_WARN_INT_CONVERSION = YES;
				CLANG_WARN_NON_LITERAL_NULL_CONVERSION = YES;
				CLANG_WARN_OBJC_IMPLICIT_RETAIN_SELF = YES;
				CLANG_WARN_OBJC_LITERAL_CONVERSION = YES;
				CLANG_WARN_OBJC_ROOT_CLASS = YES_ERROR;
				CLANG_WARN_RANGE_LOOP_ANALYSIS = YES;
				CLANG_WARN_STRICT_PROTOTYPES = YES;
				CLANG_WARN_SUSPICIOUS_MOVE = YES;
				CLANG_WARN_UNGUARDED_AVAILABILITY = YES_AGGRESSIVE;
				CLANG_WARN_UNREACHABLE_CODE = YES;
				CLANG_WARN__DUPLICATE_METHOD_MATCH = YES;
				CODE_SIGN_IDENTITY = "iPhone Developer";
				COPY_PHASE_STRIP = NO;
				DEBUG_INFORMATION_FORMAT = "dwarf-with-dsym";
				ENABLE_NS_ASSERTIONS = NO;
				ENABLE_STRICT_OBJC_MSGSEND = YES;
				GCC_C_LANGUAGE_STANDARD = gnu11;
				GCC_NO_COMMON_BLOCKS = YES;
				GCC_WARN_64_TO_32_BIT_CONVERSION = YES;
				GCC_WARN_ABOUT_RETURN_TYPE = YES_ERROR;
				GCC_WARN_UNDECLARED_SELECTOR = YES;
				GCC_WARN_UNINITIALIZED_AUTOS = YES_AGGRESSIVE;
				GCC_WARN_UNUSED_FUNCTION = YES;
				GCC_WARN_UNUSED_VARIABLE = YES;
				IPHONEOS_DEPLOYMENT_TARGET = 11.3;
				MTL_ENABLE_DEBUG_INFO = NO;
				SDKROOT = iphoneos;
				SWIFT_COMPILATION_MODE = wholemodule;
				SWIFT_OPTIMIZATION_LEVEL = "-O";
				VALIDATE_PRODUCT = YES;
			};
			name = Release;
		};
		A814C2F920A31CCC00382AF3 /* Debug */ = {
			isa = XCBuildConfiguration;
			baseConfigurationReference = FDBC01878A3822646C0D8601 /* Pods-Clima.debug.xcconfig */;
			buildSettings = {
				ASSETCATALOG_COMPILER_APPICON_NAME = AppIcon;
				CODE_SIGN_STYLE = Automatic;
				DEVELOPMENT_TEAM = 4X399H32WC;
				INFOPLIST_FILE = Clima/Info.plist;
				LD_RUNPATH_SEARCH_PATHS = (
					"$(inherited)",
					"@executable_path/Frameworks",
				);
				PRODUCT_BUNDLE_IDENTIFIER = jp.jinjerkintai.manager.stg;
				PRODUCT_NAME = "$(TARGET_NAME)";
				SWIFT_VERSION = 4.0;
				TARGETED_DEVICE_FAMILY = 1;
			};
			name = Debug;
		};
		A814C2FA20A31CCC00382AF3 /* Release */ = {
			isa = XCBuildConfiguration;
			baseConfigurationReference = EFE308FB3F074854E487B31B /* Pods-Clima.release.xcconfig */;
			buildSettings = {
				ASSETCATALOG_COMPILER_APPICON_NAME = AppIcon;
				CODE_SIGN_STYLE = Automatic;
				DEVELOPMENT_TEAM = 4X399H32WC;
				INFOPLIST_FILE = Clima/Info.plist;
				LD_RUNPATH_SEARCH_PATHS = (
					"$(inherited)",
					"@executable_path/Frameworks",
				);
				PRODUCT_BUNDLE_IDENTIFIER = jp.jinjerkintai.manager.stg;
				PRODUCT_NAME = "$(TARGET_NAME)";
				SWIFT_VERSION = 4.0;
				TARGETED_DEVICE_FAMILY = 1;
			};
			name = Release;
		};
/* End XCBuildConfiguration section */

/* Begin XCConfigurationList section */
		A814C2E120A31CCB00382AF3 /* Build configuration list for PBXProject "Clima" */ = {
			isa = XCConfigurationList;
			buildConfigurations = (
				A814C2F620A31CCC00382AF3 /* Debug */,
				A814C2F720A31CCC00382AF3 /* Release */,
			);
			defaultConfigurationIsVisible = 0;
			defaultConfigurationName = Release;
		};
		A814C2F820A31CCC00382AF3 /* Build configuration list for PBXNativeTarget "Clima" */ = {
			isa = XCConfigurationList;
			buildConfigurations = (
				A814C2F920A31CCC00382AF3 /* Debug */,
				A814C2FA20A31CCC00382AF3 /* Release */,
			);
			defaultConfigurationIsVisible = 0;
			defaultConfigurationName = Release;
		};
/* End XCConfigurationList section */
	};
	rootObject = A814C2DE20A31CCB00382AF3 /* Project object */;
}
